
Microsoft Visual Studio Solution File, Format Version 12.00
# Visual Studio Version 16
VisualStudioVersion = 16.0.29911.84
MinimumVisualStudioVersion = 10.0.40219.1
Project("{9A19103F-16F7-4668-BE54-9A1E7A4F7556}") = "dm-backend", "dm-backend.csproj", "{F87EF8B0-DB05-427C-A566-8B7DEDDC730E}"
EndProject
Global
	GlobalSection(SolutionConfigurationPlatforms) = preSolution
		Debug|Any CPU = Debug|Any CPU
		Release|Any CPU = Release|Any CPU
	EndGlobalSection
	GlobalSection(ProjectConfigurationPlatforms) = postSolution
		{F87EF8B0-DB05-427C-A566-8B7DEDDC730E}.Debug|Any CPU.ActiveCfg = Debug|Any CPU
		{F87EF8B0-DB05-427C-A566-8B7DEDDC730E}.Debug|Any CPU.Build.0 = Debug|Any CPU
		{F87EF8B0-DB05-427C-A566-8B7DEDDC730E}.Release|Any CPU.ActiveCfg = Release|Any CPU
		{F87EF8B0-DB05-427C-A566-8B7DEDDC730E}.Release|Any CPU.Build.0 = Release|Any CPU
	EndGlobalSection
	GlobalSection(SolutionProperties) = preSolution
		HideSolutionNode = FALSE
	EndGlobalSection
	GlobalSection(ExtensibilityGlobals) = postSolution
		SolutionGuid = {0428DBE3-6E1C-45DD-845D-5CD3A763E39E}
	EndGlobalSection
EndGlobal
