
Microsoft Visual Studio Solution File, Format Version 12.00
# Visual Studio Version 16
VisualStudioVersion = 16.0.29920.165
MinimumVisualStudioVersion = 10.0.40219.1
Project("{9A19103F-16F7-4668-BE54-9A1E7A4F7556}") = "dm-backend", "dm-backend.csproj", "{3CE6D417-CC88-44B5-9BC3-EB480D16CB40}"
EndProject
Global
	GlobalSection(SolutionConfigurationPlatforms) = preSolution
		Debug|Any CPU = Debug|Any CPU
		Release|Any CPU = Release|Any CPU
	EndGlobalSection
	GlobalSection(ProjectConfigurationPlatforms) = postSolution
		{3CE6D417-CC88-44B5-9BC3-EB480D16CB40}.Debug|Any CPU.ActiveCfg = Debug|Any CPU
		{3CE6D417-CC88-44B5-9BC3-EB480D16CB40}.Debug|Any CPU.Build.0 = Debug|Any CPU
		{3CE6D417-CC88-44B5-9BC3-EB480D16CB40}.Release|Any CPU.ActiveCfg = Release|Any CPU
		{3CE6D417-CC88-44B5-9BC3-EB480D16CB40}.Release|Any CPU.Build.0 = Release|Any CPU
	EndGlobalSection
	GlobalSection(SolutionProperties) = preSolution
		HideSolutionNode = FALSE
	EndGlobalSection
	GlobalSection(ExtensibilityGlobals) = postSolution
		SolutionGuid = {A6EB975A-C0E0-406A-856D-0632A5C2FA93}
	EndGlobalSection
EndGlobal
